{
  "name": "lifequestrpg",
  "version": "1.0.0",
  "lockfileVersion": 3,
  "requires": true,
  "packages": {
    "": {
      "name": "lifequestrpg",
      "version": "1.0.0",
      "license": "ISC",
      "dependencies": {
        "@fontsource/adlam-display": "^5.2.5",
        "@fontsource/nunito-sans": "^5.2.5",
        "@fontsource/pixelify-sans": "^5.2.5",
        "bootstrap": "^5.3.5",
        "bootstrap-icons": "^1.11.3"
      }
    },
    "node_modules/@fontsource/adlam-display": {
      "version": "5.2.5",
      "resolved": "https://registry.npmjs.org/@fontsource/adlam-display/-/adlam-display-5.2.5.tgz",
      "integrity": "sha512-uKvjebeG0BHVvVD/3upZC0AoCEV/2DgNMA2Do4jJv+fekfIBKeYxCrJrZDxIRYYv3xV6JxEI2DTpgKexPjkVQQ==",
      "license": "OFL-1.1",
      "funding": {
        "url": "https://github.com/sponsors/ayuhito"
      }
    },
    "node_modules/@fontsource/nunito-sans": {
      "version": "5.2.5",
      "resolved": "https://registry.npmjs.org/@fontsource/nunito-sans/-/nunito-sans-5.2.5.tgz",
      "integrity": "sha512-QE2I4PmR9CHoAXxfpz4L+o35X4jg64i+5/J8Aa0G24mY9xs2VPr0a4igDcZkjIMhGfFfPAvcaR+hf/NpXVhZuw==",
      "license": "OFL-1.1",
      "funding": {
        "url": "https://github.com/sponsors/ayuhito"
      }
    },
    "node_modules/@fontsource/pixelify-sans": {
      "version": "5.2.5",
      "resolved": "https://registry.npmjs.org/@fontsource/pixelify-sans/-/pixelify-sans-5.2.5.tgz",
      "integrity": "sha512-f1NppiY7A2OnVdEZLpszJj7uUFwdNmNvZnuEQUcdr4w1dOJSL2K0SbTTmh7H/lZDcU453X7oQ6wPOg+qiC3Xdg==",
      "license": "OFL-1.1",
      "funding": {
        "url": "https://github.com/sponsors/ayuhito"
      }
    },
    "node_modules/@popperjs/core": {
      "version": "2.11.8",
      "resolved": "https://registry.npmjs.org/@popperjs/core/-/core-2.11.8.tgz",
      "integrity": "sha512-P1st0aksCrn9sGZhp8GMYwBnQsbvAWsZAX44oXNNvLHGqAOcoVxmjZiohstwQ7SqKnbR47akdNi+uleWD8+g6A==",
      "license": "MIT",
      "peer": true,
      "funding": {
        "type": "opencollective",
        "url": "https://opencollective.com/popperjs"
      }
    },
    "node_modules/bootstrap": {
      "version": "5.3.5",
      "resolved": "https://registry.npmjs.org/bootstrap/-/bootstrap-5.3.5.tgz",
      "integrity": "sha512-ct1CHKtiobRimyGzmsSldEtM03E8fcEX4Tb3dGXz1V8faRwM50+vfHwTzOxB3IlKO7m+9vTH3s/3C6T2EAPeTA==",
      "funding": [
        {
          "type": "github",
          "url": "https://github.com/sponsors/twbs"
        },
        {
          "type": "opencollective",
          "url": "https://opencollective.com/bootstrap"
        }
      ],
      "license": "MIT",
      "peerDependencies": {
        "@popperjs/core": "^2.11.8"
      }
    },
    "node_modules/bootstrap-icons": {
      "version": "1.11.3",
      "resolved": "https://registry.npmjs.org/bootstrap-icons/-/bootstrap-icons-1.11.3.tgz",
      "integrity": "sha512-+3lpHrCw/it2/7lBL15VR0HEumaBss0+f/Lb6ZvHISn1mlK83jjFpooTLsMWbIjJMDjDjOExMsTxnXSIT4k4ww==",
      "funding": [
        {
          "type": "github",
          "url": "https://github.com/sponsors/twbs"
        },
        {
          "type": "opencollective",
          "url": "https://opencollective.com/bootstrap"
        }
      ],
      "license": "MIT"
    }
  }
}
